
Microsoft Visual Studio Solution File, Format Version 12.00
# Visual Studio 14
VisualStudioVersion = 14.0.25420.1
MinimumVisualStudioVersion = 10.0.40219.1
Project("{FAE04EC0-301F-11D3-BF4B-00C04F79EFBC}") = "FuzzLib", "FuzzLib\FuzzLib.csproj", "{D36900ED-FBBF-4E61-AB50-2BCBB010FADD}"
EndProject
Project("{FAE04EC0-301F-11D3-BF4B-00C04F79EFBC}") = "Example", "Example\Example.csproj", "{D5D871C9-4EBC-43A8-AEF1-E7B56E62EBAE}"
EndProject
Global
	GlobalSection(SolutionConfigurationPlatforms) = preSolution
		Debug|Any CPU = Debug|Any CPU
		Release|Any CPU = Release|Any CPU
	EndGlobalSection
	GlobalSection(ProjectConfigurationPlatforms) = postSolution
		{D36900ED-FBBF-4E61-AB50-2BCBB010FADD}.Debug|Any CPU.ActiveCfg = Debug|Any CPU
		{D36900ED-FBBF-4E61-AB50-2BCBB010FADD}.Debug|Any CPU.Build.0 = Debug|Any CPU
		{D36900ED-FBBF-4E61-AB50-2BCBB010FADD}.Release|Any CPU.ActiveCfg = Release|Any CPU
		{D36900ED-FBBF-4E61-AB50-2BCBB010FADD}.Release|Any CPU.Build.0 = Release|Any CPU
		{D5D871C9-4EBC-43A8-AEF1-E7B56E62EBAE}.Debug|Any CPU.ActiveCfg = Debug|Any CPU
		{D5D871C9-4EBC-43A8-AEF1-E7B56E62EBAE}.Debug|Any CPU.Build.0 = Debug|Any CPU
		{D5D871C9-4EBC-43A8-AEF1-E7B56E62EBAE}.Release|Any CPU.ActiveCfg = Release|Any CPU
		{D5D871C9-4EBC-43A8-AEF1-E7B56E62EBAE}.Release|Any CPU.Build.0 = Release|Any CPU
	EndGlobalSection
	GlobalSection(SolutionProperties) = preSolution
		HideSolutionNode = FALSE
	EndGlobalSection
EndGlobal
